
Microsoft Visual Studio Solution File, Format Version 12.00
# Visual Studio Version 17
VisualStudioVersion = 17.5.33516.290
MinimumVisualStudioVersion = 10.0.40219.1
Project("{2150E333-8FDC-42A3-9474-1A3956D46DE8}") = "Solution Items", "Solution Items", "{C1EF8799-8F9B-43B9-B8FA-ACE3082ADA0D}"
	ProjectSection(SolutionItems) = preProject
		README.md = README.md
	EndProjectSection
EndProject
Project("{2150E333-8FDC-42A3-9474-1A3956D46DE8}") = "FactoryDesignPattern", "FactoryDesignPattern", "{158E1623-060E-4C9D-ADE8-39AC9D6EE06C}"
EndProject
Project("{9A19103F-16F7-4668-BE54-9A1E7A4F7556}") = "Factory", "Factory\Factory.csproj", "{53938C33-226C-46F9-A4AC-97176EF02BFA}"
EndProject
Project("{2150E333-8FDC-42A3-9474-1A3956D46DE8}") = "AbstractFactoryDesignPattern", "AbstractFactoryDesignPattern", "{92D23504-FC42-4A18-9272-1AA229F0B70D}"
EndProject
Project("{9A19103F-16F7-4668-BE54-9A1E7A4F7556}") = "AbstractFactory", "AbstractFactory\AbstractFactory.csproj", "{8E630FED-E082-4A27-AB8D-248DF871C3F4}"
EndProject
Project("{2150E333-8FDC-42A3-9474-1A3956D46DE8}") = "SingletonDesignPattern", "SingletonDesignPattern", "{F17AE770-7476-44DF-8E47-26E57F4EF033}"
EndProject
Project("{9A19103F-16F7-4668-BE54-9A1E7A4F7556}") = "SingletonDesignPattern", "SingletonDesignPattern\SingletonDesignPattern.csproj", "{CFD60EEC-1521-440E-BA7F-64B25EA930CE}"
EndProject
Project("{2150E333-8FDC-42A3-9474-1A3956D46DE8}") = "CompositeDesignPattern", "CompositeDesignPattern", "{9B31894B-B2CE-45AB-A0B0-B295420D17ED}"
EndProject
Project("{9A19103F-16F7-4668-BE54-9A1E7A4F7556}") = "CompositeDesignPattern", "CompositeDesignPattern\CompositeDesignPattern.csproj", "{4A7509B6-9878-495B-AC36-5A4A8F83B9CC}"
EndProject
Project("{2150E333-8FDC-42A3-9474-1A3956D46DE8}") = "DecoratorDesignPattern", "DecoratorDesignPattern", "{58CC54FA-FAC3-4F56-8E0A-029DF97ED0CA}"
EndProject
Project("{9A19103F-16F7-4668-BE54-9A1E7A4F7556}") = "DecoratorDesignPattern", "DecoratorDesignPattern\DecoratorDesignPattern.csproj", "{F4DA12C2-3165-4766-9D92-BD303C475719}"
EndProject
Project("{2150E333-8FDC-42A3-9474-1A3956D46DE8}") = "ChainOfResponsibilityDesignPattern", "ChainOfResponsibilityDesignPattern", "{66BD770A-E31C-4AD0-8DFE-7510AB53539E}"
EndProject
Project("{FAE04EC0-301F-11D3-BF4B-00C04F79EFBC}") = "ChainOfResponsibilityDesignPattern", "ChainOfResponsibilityDesignPattern\ChainOfResponsibilityDesignPattern.csproj", "{2D19CD86-89B3-4373-90EE-734D61D2949F}"
EndProject
Global
	GlobalSection(SolutionConfigurationPlatforms) = preSolution
		Debug|Any CPU = Debug|Any CPU
		Release|Any CPU = Release|Any CPU
	EndGlobalSection
	GlobalSection(ProjectConfigurationPlatforms) = postSolution
		{53938C33-226C-46F9-A4AC-97176EF02BFA}.Debug|Any CPU.ActiveCfg = Debug|Any CPU
		{53938C33-226C-46F9-A4AC-97176EF02BFA}.Debug|Any CPU.Build.0 = Debug|Any CPU
		{53938C33-226C-46F9-A4AC-97176EF02BFA}.Release|Any CPU.ActiveCfg = Release|Any CPU
		{53938C33-226C-46F9-A4AC-97176EF02BFA}.Release|Any CPU.Build.0 = Release|Any CPU
		{8E630FED-E082-4A27-AB8D-248DF871C3F4}.Debug|Any CPU.ActiveCfg = Debug|Any CPU
		{8E630FED-E082-4A27-AB8D-248DF871C3F4}.Debug|Any CPU.Build.0 = Debug|Any CPU
		{8E630FED-E082-4A27-AB8D-248DF871C3F4}.Release|Any CPU.ActiveCfg = Release|Any CPU
		{8E630FED-E082-4A27-AB8D-248DF871C3F4}.Release|Any CPU.Build.0 = Release|Any CPU
		{CFD60EEC-1521-440E-BA7F-64B25EA930CE}.Debug|Any CPU.ActiveCfg = Debug|Any CPU
		{CFD60EEC-1521-440E-BA7F-64B25EA930CE}.Debug|Any CPU.Build.0 = Debug|Any CPU
		{CFD60EEC-1521-440E-BA7F-64B25EA930CE}.Release|Any CPU.ActiveCfg = Release|Any CPU
		{CFD60EEC-1521-440E-BA7F-64B25EA930CE}.Release|Any CPU.Build.0 = Release|Any CPU
		{4A7509B6-9878-495B-AC36-5A4A8F83B9CC}.Debug|Any CPU.ActiveCfg = Debug|Any CPU
		{4A7509B6-9878-495B-AC36-5A4A8F83B9CC}.Debug|Any CPU.Build.0 = Debug|Any CPU
		{4A7509B6-9878-495B-AC36-5A4A8F83B9CC}.Release|Any CPU.ActiveCfg = Release|Any CPU
		{4A7509B6-9878-495B-AC36-5A4A8F83B9CC}.Release|Any CPU.Build.0 = Release|Any CPU
		{F4DA12C2-3165-4766-9D92-BD303C475719}.Debug|Any CPU.ActiveCfg = Debug|Any CPU
		{F4DA12C2-3165-4766-9D92-BD303C475719}.Debug|Any CPU.Build.0 = Debug|Any CPU
		{F4DA12C2-3165-4766-9D92-BD303C475719}.Release|Any CPU.ActiveCfg = Release|Any CPU
		{F4DA12C2-3165-4766-9D92-BD303C475719}.Release|Any CPU.Build.0 = Release|Any CPU
		{2D19CD86-89B3-4373-90EE-734D61D2949F}.Debug|Any CPU.ActiveCfg = Debug|Any CPU
		{2D19CD86-89B3-4373-90EE-734D61D2949F}.Debug|Any CPU.Build.0 = Debug|Any CPU
		{2D19CD86-89B3-4373-90EE-734D61D2949F}.Release|Any CPU.ActiveCfg = Release|Any CPU
		{2D19CD86-89B3-4373-90EE-734D61D2949F}.Release|Any CPU.Build.0 = Release|Any CPU
	EndGlobalSection
	GlobalSection(SolutionProperties) = preSolution
		HideSolutionNode = FALSE
	EndGlobalSection
	GlobalSection(NestedProjects) = preSolution
		{158E1623-060E-4C9D-ADE8-39AC9D6EE06C} = {C1EF8799-8F9B-43B9-B8FA-ACE3082ADA0D}
		{53938C33-226C-46F9-A4AC-97176EF02BFA} = {158E1623-060E-4C9D-ADE8-39AC9D6EE06C}
		{92D23504-FC42-4A18-9272-1AA229F0B70D} = {C1EF8799-8F9B-43B9-B8FA-ACE3082ADA0D}
		{8E630FED-E082-4A27-AB8D-248DF871C3F4} = {92D23504-FC42-4A18-9272-1AA229F0B70D}
		{F17AE770-7476-44DF-8E47-26E57F4EF033} = {C1EF8799-8F9B-43B9-B8FA-ACE3082ADA0D}
		{CFD60EEC-1521-440E-BA7F-64B25EA930CE} = {F17AE770-7476-44DF-8E47-26E57F4EF033}
		{9B31894B-B2CE-45AB-A0B0-B295420D17ED} = {C1EF8799-8F9B-43B9-B8FA-ACE3082ADA0D}
		{4A7509B6-9878-495B-AC36-5A4A8F83B9CC} = {9B31894B-B2CE-45AB-A0B0-B295420D17ED}
		{58CC54FA-FAC3-4F56-8E0A-029DF97ED0CA} = {C1EF8799-8F9B-43B9-B8FA-ACE3082ADA0D}
		{F4DA12C2-3165-4766-9D92-BD303C475719} = {58CC54FA-FAC3-4F56-8E0A-029DF97ED0CA}
		{66BD770A-E31C-4AD0-8DFE-7510AB53539E} = {C1EF8799-8F9B-43B9-B8FA-ACE3082ADA0D}
		{2D19CD86-89B3-4373-90EE-734D61D2949F} = {66BD770A-E31C-4AD0-8DFE-7510AB53539E}
	EndGlobalSection
	GlobalSection(ExtensibilityGlobals) = postSolution
		SolutionGuid = {867FBA15-70D6-416C-B798-5DDB4EE5E2DA}
	EndGlobalSection
EndGlobal
